
Microsoft Visual Studio Solution File, Format Version 12.00
# Visual Studio Version 17
VisualStudioVersion = 17.5.33530.505
MinimumVisualStudioVersion = 10.0.40219.1
Project("{9A19103F-16F7-4668-BE54-9A1E7A4F7556}") = "RemoteProcedureCalls", "RemoteProcedureCalls\RemoteProcedureCalls.csproj", "{0E22C559-7F47-41EE-A23D-065695FBC769}"
EndProject
Project("{9A19103F-16F7-4668-BE54-9A1E7A4F7556}") = "TestClient", "TestClient\TestClient.csproj", "{A37E8AF8-1C5A-471A-82A2-4BB91D09D983}"
EndProject
Project("{9A19103F-16F7-4668-BE54-9A1E7A4F7556}") = "TestServer", "TestServer\TestServer.csproj", "{64B3A878-504D-4C3E-A0D7-7608ED28080F}"
EndProject
Global
	GlobalSection(SolutionConfigurationPlatforms) = preSolution
		Debug|Any CPU = Debug|Any CPU
		Release|Any CPU = Release|Any CPU
	EndGlobalSection
	GlobalSection(ProjectConfigurationPlatforms) = postSolution
		{0E22C559-7F47-41EE-A23D-065695FBC769}.Debug|Any CPU.ActiveCfg = Debug|Any CPU
		{0E22C559-7F47-41EE-A23D-065695FBC769}.Debug|Any CPU.Build.0 = Debug|Any CPU
		{0E22C559-7F47-41EE-A23D-065695FBC769}.Release|Any CPU.ActiveCfg = Release|Any CPU
		{0E22C559-7F47-41EE-A23D-065695FBC769}.Release|Any CPU.Build.0 = Release|Any CPU
		{A37E8AF8-1C5A-471A-82A2-4BB91D09D983}.Debug|Any CPU.ActiveCfg = Debug|Any CPU
		{A37E8AF8-1C5A-471A-82A2-4BB91D09D983}.Debug|Any CPU.Build.0 = Debug|Any CPU
		{A37E8AF8-1C5A-471A-82A2-4BB91D09D983}.Release|Any CPU.ActiveCfg = Release|Any CPU
		{A37E8AF8-1C5A-471A-82A2-4BB91D09D983}.Release|Any CPU.Build.0 = Release|Any CPU
		{64B3A878-504D-4C3E-A0D7-7608ED28080F}.Debug|Any CPU.ActiveCfg = Debug|Any CPU
		{64B3A878-504D-4C3E-A0D7-7608ED28080F}.Debug|Any CPU.Build.0 = Debug|Any CPU
		{64B3A878-504D-4C3E-A0D7-7608ED28080F}.Release|Any CPU.ActiveCfg = Release|Any CPU
		{64B3A878-504D-4C3E-A0D7-7608ED28080F}.Release|Any CPU.Build.0 = Release|Any CPU
	EndGlobalSection
	GlobalSection(SolutionProperties) = preSolution
		HideSolutionNode = FALSE
	EndGlobalSection
	GlobalSection(ExtensibilityGlobals) = postSolution
		SolutionGuid = {F4954133-C58B-4B99-9DC6-1A454982B8FE}
	EndGlobalSection
EndGlobal
